
Microsoft Visual Studio Solution File, Format Version 12.00
# Visual Studio 15
VisualStudioVersion = 15.0.27703.1
MinimumVisualStudioVersion = 10.0.40219.1
Project("{FAE04EC0-301F-11D3-BF4B-00C04F79EFBC}") = "WebApplication1", "WebApplication1\WebApplication1.csproj", "{97DFF35B-6EC9-4A9E-A2D5-098F33B242AD}"
EndProject
Global
	GlobalSection(SolutionConfigurationPlatforms) = preSolution
		Debug|Any CPU = Debug|Any CPU
		Release|Any CPU = Release|Any CPU
	EndGlobalSection
	GlobalSection(ProjectConfigurationPlatforms) = postSolution
		{97DFF35B-6EC9-4A9E-A2D5-098F33B242AD}.Debug|Any CPU.ActiveCfg = Debug|Any CPU
		{97DFF35B-6EC9-4A9E-A2D5-098F33B242AD}.Debug|Any CPU.Build.0 = Debug|Any CPU
		{97DFF35B-6EC9-4A9E-A2D5-098F33B242AD}.Release|Any CPU.ActiveCfg = Release|Any CPU
		{97DFF35B-6EC9-4A9E-A2D5-098F33B242AD}.Release|Any CPU.Build.0 = Release|Any CPU
	EndGlobalSection
	GlobalSection(SolutionProperties) = preSolution
		HideSolutionNode = FALSE
	EndGlobalSection
	GlobalSection(ExtensibilityGlobals) = postSolution
		SolutionGuid = {73868F50-F350-405C-AC74-E22E43558756}
	EndGlobalSection
EndGlobal
