
Microsoft Visual Studio Solution File, Format Version 12.00
# Visual Studio 15
VisualStudioVersion = 15.0.28307.168
MinimumVisualStudioVersion = 10.0.40219.1
Project("{FAE04EC0-301F-11D3-BF4B-00C04F79EFBC}") = "StudentManagement", "StudentManagement\StudentManagement.csproj", "{D5CF9E7E-5AEE-465A-AAA6-296336DF82A1}"
EndProject
Global
	GlobalSection(SolutionConfigurationPlatforms) = preSolution
		Debug|Any CPU = Debug|Any CPU
		Release|Any CPU = Release|Any CPU
	EndGlobalSection
	GlobalSection(ProjectConfigurationPlatforms) = postSolution
		{D5CF9E7E-5AEE-465A-AAA6-296336DF82A1}.Debug|Any CPU.ActiveCfg = Debug|Any CPU
		{D5CF9E7E-5AEE-465A-AAA6-296336DF82A1}.Debug|Any CPU.Build.0 = Debug|Any CPU
		{D5CF9E7E-5AEE-465A-AAA6-296336DF82A1}.Release|Any CPU.ActiveCfg = Release|Any CPU
		{D5CF9E7E-5AEE-465A-AAA6-296336DF82A1}.Release|Any CPU.Build.0 = Release|Any CPU
	EndGlobalSection
	GlobalSection(SolutionProperties) = preSolution
		HideSolutionNode = FALSE
	EndGlobalSection
	GlobalSection(ExtensibilityGlobals) = postSolution
		SolutionGuid = {6E1E168C-FDBC-48BC-ABBD-5F13C7305298}
	EndGlobalSection
EndGlobal
